
Microsoft Visual Studio Solution File, Format Version 12.00
# Visual Studio Version 16
VisualStudioVersion = 16.0.30804.86
MinimumVisualStudioVersion = 10.0.40219.1
Project("{9A19103F-16F7-4668-BE54-9A1E7A4F7556}") = "SerilogTest", "SerilogTest\SerilogTest.csproj", "{7B1F61C4-DC90-49DA-9B26-8260386BE7B4}"
EndProject
Project("{FAE04EC0-301F-11D3-BF4B-00C04F79EFBC}") = "Test", "Test\Test.csproj", "{5808192D-B0E9-4049-A9F5-B5A4A00723B5}"
EndProject
Global
	GlobalSection(SolutionConfigurationPlatforms) = preSolution
		Debug|Any CPU = Debug|Any CPU
		Release|Any CPU = Release|Any CPU
	EndGlobalSection
	GlobalSection(ProjectConfigurationPlatforms) = postSolution
		{7B1F61C4-DC90-49DA-9B26-8260386BE7B4}.Debug|Any CPU.ActiveCfg = Debug|Any CPU
		{7B1F61C4-DC90-49DA-9B26-8260386BE7B4}.Debug|Any CPU.Build.0 = Debug|Any CPU
		{7B1F61C4-DC90-49DA-9B26-8260386BE7B4}.Release|Any CPU.ActiveCfg = Release|Any CPU
		{7B1F61C4-DC90-49DA-9B26-8260386BE7B4}.Release|Any CPU.Build.0 = Release|Any CPU
		{5808192D-B0E9-4049-A9F5-B5A4A00723B5}.Debug|Any CPU.ActiveCfg = Debug|Any CPU
		{5808192D-B0E9-4049-A9F5-B5A4A00723B5}.Debug|Any CPU.Build.0 = Debug|Any CPU
		{5808192D-B0E9-4049-A9F5-B5A4A00723B5}.Release|Any CPU.ActiveCfg = Release|Any CPU
		{5808192D-B0E9-4049-A9F5-B5A4A00723B5}.Release|Any CPU.Build.0 = Release|Any CPU
	EndGlobalSection
	GlobalSection(SolutionProperties) = preSolution
		HideSolutionNode = FALSE
	EndGlobalSection
	GlobalSection(ExtensibilityGlobals) = postSolution
		SolutionGuid = {1BC454D7-ABB6-458C-946F-571079412CCE}
	EndGlobalSection
EndGlobal
